
Microsoft Visual Studio Solution File, Format Version 12.00
# Visual Studio Version 16
VisualStudioVersion = 16.0.31129.286
MinimumVisualStudioVersion = 10.0.40219.1
Project("{FAE04EC0-301F-11D3-BF4B-00C04F79EFBC}") = "SelectorTest.Server", "SelectorTest\Server\SelectorTest.Server.csproj", "{EC4F23D2-E24F-4944-81BA-48EE3291B903}"
EndProject
Project("{FAE04EC0-301F-11D3-BF4B-00C04F79EFBC}") = "SelectorTest.Client", "SelectorTest\Client\SelectorTest.Client.csproj", "{1FF63877-66A8-4BB8-8AA1-663F2B52F153}"
EndProject
Project("{FAE04EC0-301F-11D3-BF4B-00C04F79EFBC}") = "SelectorTest.Shared", "SelectorTest\Shared\SelectorTest.Shared.csproj", "{3A571630-DB7B-4933-8D8B-9B7B9329945D}"
EndProject
Global
	GlobalSection(SolutionConfigurationPlatforms) = preSolution
		Debug|Any CPU = Debug|Any CPU
		Release|Any CPU = Release|Any CPU
	EndGlobalSection
	GlobalSection(ProjectConfigurationPlatforms) = postSolution
		{EC4F23D2-E24F-4944-81BA-48EE3291B903}.Debug|Any CPU.ActiveCfg = Debug|Any CPU
		{EC4F23D2-E24F-4944-81BA-48EE3291B903}.Debug|Any CPU.Build.0 = Debug|Any CPU
		{EC4F23D2-E24F-4944-81BA-48EE3291B903}.Release|Any CPU.ActiveCfg = Release|Any CPU
		{EC4F23D2-E24F-4944-81BA-48EE3291B903}.Release|Any CPU.Build.0 = Release|Any CPU
		{1FF63877-66A8-4BB8-8AA1-663F2B52F153}.Debug|Any CPU.ActiveCfg = Debug|Any CPU
		{1FF63877-66A8-4BB8-8AA1-663F2B52F153}.Debug|Any CPU.Build.0 = Debug|Any CPU
		{1FF63877-66A8-4BB8-8AA1-663F2B52F153}.Release|Any CPU.ActiveCfg = Release|Any CPU
		{1FF63877-66A8-4BB8-8AA1-663F2B52F153}.Release|Any CPU.Build.0 = Release|Any CPU
		{3A571630-DB7B-4933-8D8B-9B7B9329945D}.Debug|Any CPU.ActiveCfg = Debug|Any CPU
		{3A571630-DB7B-4933-8D8B-9B7B9329945D}.Debug|Any CPU.Build.0 = Debug|Any CPU
		{3A571630-DB7B-4933-8D8B-9B7B9329945D}.Release|Any CPU.ActiveCfg = Release|Any CPU
		{3A571630-DB7B-4933-8D8B-9B7B9329945D}.Release|Any CPU.Build.0 = Release|Any CPU
	EndGlobalSection
	GlobalSection(SolutionProperties) = preSolution
		HideSolutionNode = FALSE
	EndGlobalSection
	GlobalSection(ExtensibilityGlobals) = postSolution
		SolutionGuid = {E178586B-B911-481D-998E-B2CA56551AE3}
	EndGlobalSection
EndGlobal
